{
  "name": "bb-generic-actions-wasm",
  "lockfileVersion": 3,
  "requires": true,
  "packages": {
    "": {
      "name": "bb-generic-actions-wasm",
      "devDependencies": {
        "@types/bun": "latest",
        "bbs-cli": "file:~/dev/services-cli/"
      },
      "peerDependencies": {
        "typescript": "^5"
      }
    },
    "../../../dev/services-cli": {
      "name": "bbs-cli",
      "version": "0.0.1",
      "dev": true,
      "license": "MIT",
      "dependencies": {
        "@babel/parser": "^7.26.10",
        "@babel/traverse": "^7.29.7",
        "@babel/types": "^7.29.7",
        "@inquirer/prompts": "^7.3.2",
        "@sveltejs/acorn-typescript": "^1.0.5",
        "@types/acorn": "^4.0.6",
        "@types/archiver": "^6.0.3",
        "acorn": "^8.14.1",
        "acorn-walk": "^8.3.4",
        "archiver": "^7.0.1",
        "chalk": "^5.4.1",
        "commander": "^13.1.0",
        "degit": "^2.8.4",
        "form-data": "^4.0.2",
        "fs-extra": "^11.3.0",
        "graphql": "^16.10.0",
        "jtd": "^0.1.1",
        "keytar": "^7.9.0",
        "nanospinner": "^1.2.2",
        "node-fetch": "^3.3.2",
        "semver": "^7.7.1",
        "winston": "^3.17.0"
      },
      "bin": {
        "bbs": "dist/index.js"
      },
      "devDependencies": {
        "@graphql-codegen/typescript": "^6.0.2",
        "@types/babel__traverse": "^7.28.0",
        "@types/bun": "^1.3.14",
        "@types/commander": "^2.12.0",
        "@types/degit": "^2.8.6",
        "@types/fs-extra": "^11.0.4",
        "@types/node": "^22.13.4",
        "@types/semver": "^7.7.0",
        "@types/winston": "^2.4.4",
        "commitizen": "^4.3.1",
        "cz-conventional-changelog": "^3.3.0",
        "ts-node": "^10.9.2",
        "tslib": "^2.8.1",
        "typescript": "^5.7.3"
      }
    },
    "node_modules/@types/bun": {
      "version": "1.3.14",
      "resolved": "https://registry.npmjs.org/@types/bun/-/bun-1.3.14.tgz",
      "integrity": "sha512-h1hFqFVcvAvD9j9K7ZW7vd82aSA+rTdznZa+5bwvCwqSB1jmmfLcbIWhOLx1/+boy/xmjgCs/OMUL8hRJSmnPw==",
      "dev": true,
      "license": "MIT",
      "dependencies": {
        "bun-types": "1.3.14"
      }
    },
    "node_modules/@types/node": {
      "version": "26.1.1",
      "dev": true,
      "license": "MIT",
      "dependencies": {
        "undici-types": "~8.3.0"
      }
    },
    "node_modules/bbs-cli": {
      "resolved": "../../../dev/services-cli",
      "link": true
    },
    "node_modules/bun-types": {
      "version": "1.3.14",
      "dev": true,
      "license": "MIT",
      "dependencies": {
        "@types/node": "*"
      }
    },
    "node_modules/typescript": {
      "version": "5.9.3",
      "license": "Apache-2.0",
      "peer": true,
      "bin": {
        "tsc": "bin/tsc",
        "tsserver": "bin/tsserver"
      },
      "engines": {
        "node": ">=14.17"
      }
    },
    "node_modules/undici-types": {
      "version": "8.3.0",
      "dev": true,
      "license": "MIT"
    }
  }
}
